
Microsoft Visual Studio Solution File, Format Version 12.00
# Visual Studio Version 17
VisualStudioVersion = 17.10.35013.160
MinimumVisualStudioVersion = 10.0.40219.1
Project("{FAE04EC0-301F-11D3-BF4B-00C04F79EFBC}") = "final1", "final1\final1.csproj", "{F4DED276-6E56-4573-8452-0FBD63721A26}"
EndProject
Global
	GlobalSection(SolutionConfigurationPlatforms) = preSolution
		Debug|Any CPU = Debug|Any CPU
		Release|Any CPU = Release|Any CPU
	EndGlobalSection
	GlobalSection(ProjectConfigurationPlatforms) = postSolution
		{F4DED276-6E56-4573-8452-0FBD63721A26}.Debug|Any CPU.ActiveCfg = Debug|Any CPU
		{F4DED276-6E56-4573-8452-0FBD63721A26}.Debug|Any CPU.Build.0 = Debug|Any CPU
		{F4DED276-6E56-4573-8452-0FBD63721A26}.Release|Any CPU.ActiveCfg = Release|Any CPU
		{F4DED276-6E56-4573-8452-0FBD63721A26}.Release|Any CPU.Build.0 = Release|Any CPU
	EndGlobalSection
	GlobalSection(SolutionProperties) = preSolution
		HideSolutionNode = FALSE
	EndGlobalSection
	GlobalSection(ExtensibilityGlobals) = postSolution
		SolutionGuid = {C310B847-A1C4-4D8B-B3DE-B8BA158BF9CD}
	EndGlobalSection
EndGlobal
